
Microsoft Visual Studio Solution File, Format Version 12.00
# Visual Studio Version 17
VisualStudioVersion = 17.5.002.0
MinimumVisualStudioVersion = 10.0.40219.1
Project("{2150E333-8FDC-42A3-9474-1A3956D46DE8}") = "Project", "Project", "{375C6DF0-F3B2-47E6-82A2-206116B1E908}"
EndProject
Project("{9A19103F-16F7-4668-BE54-9A1E7A4F7556}") = "Backend", "Project\Backend\Backend.csproj", "{FCC07430-9220-49D3-9228-934075AD3974}"
EndProject
Global
	GlobalSection(SolutionConfigurationPlatforms) = preSolution
		Debug|Any CPU = Debug|Any CPU
		Release|Any CPU = Release|Any CPU
	EndGlobalSection
	GlobalSection(ProjectConfigurationPlatforms) = postSolution
		{FCC07430-9220-49D3-9228-934075AD3974}.Debug|Any CPU.ActiveCfg = Debug|Any CPU
		{FCC07430-9220-49D3-9228-934075AD3974}.Debug|Any CPU.Build.0 = Debug|Any CPU
		{FCC07430-9220-49D3-9228-934075AD3974}.Release|Any CPU.ActiveCfg = Release|Any CPU
		{FCC07430-9220-49D3-9228-934075AD3974}.Release|Any CPU.Build.0 = Release|Any CPU
	EndGlobalSection
	GlobalSection(SolutionProperties) = preSolution
		HideSolutionNode = FALSE
	EndGlobalSection
	GlobalSection(NestedProjects) = preSolution
		{FCC07430-9220-49D3-9228-934075AD3974} = {375C6DF0-F3B2-47E6-82A2-206116B1E908}
	EndGlobalSection
	GlobalSection(ExtensibilityGlobals) = postSolution
		SolutionGuid = {712D1792-56C1-4A4B-9C3B-7A7BEAEB8BC2}
	EndGlobalSection
EndGlobal
